// !$*UTF8*$!
{
	archiveVersion = 1;
	classes = {
	};
	objectVersion = 56;
	objects = {

/* Begin PBXBuildFile section */
		0D2C5FB8292E5D4A00E6889E /* FoodModel.swift in Sources */ = {isa = PBXBuildFile; fileRef = 0D2C5FB7292E5D4A00E6889E /* FoodModel.swift */; };
		0D2C5FBA292E5F7D00E6889E /* DrinkModel.swift in Sources */ = {isa = PBXBuildFile; fileRef = 0D2C5FB9292E5F7D00E6889E /* DrinkModel.swift */; };
		0D2C5FBC292E615900E6889E /* AlcoholicModel.swift in Sources */ = {isa = PBXBuildFile; fileRef = 0D2C5FBB292E615900E6889E /* AlcoholicModel.swift */; };
		0D2C5FC1292E67FB00E6889E /* FoodCalculator.swift in Sources */ = {isa = PBXBuildFile; fileRef = 0D2C5FC0292E67FB00E6889E /* FoodCalculator.swift */; };
		0D2C5FC3292E687C00E6889E /* FoodGest.swift in Sources */ = {isa = PBXBuildFile; fileRef = 0D2C5FC2292E687C00E6889E /* FoodGest.swift */; };
		4B7A8615292E3F0E0055FEB5 /* AppDelegate.swift in Sources */ = {isa = PBXBuildFile; fileRef = 4B7A8614292E3F0E0055FEB5 /* AppDelegate.swift */; };
		4B7A8617292E3F0E0055FEB5 /* SceneDelegate.swift in Sources */ = {isa = PBXBuildFile; fileRef = 4B7A8616292E3F0E0055FEB5 /* SceneDelegate.swift */; };
		4B7A8619292E3F0E0055FEB5 /* ViewController.swift in Sources */ = {isa = PBXBuildFile; fileRef = 4B7A8618292E3F0E0055FEB5 /* ViewController.swift */; };
		4B7A861E292E3F0F0055FEB5 /* Assets.xcassets in Resources */ = {isa = PBXBuildFile; fileRef = 4B7A861D292E3F0F0055FEB5 /* Assets.xcassets */; };
		4B7A8621292E3F0F0055FEB5 /* LaunchScreen.storyboard in Resources */ = {isa = PBXBuildFile; fileRef = 4B7A861F292E3F0F0055FEB5 /* LaunchScreen.storyboard */; };
		4B7A862C292E3F100055FEB5 /* FestoTests.swift in Sources */ = {isa = PBXBuildFile; fileRef = 4B7A862B292E3F100055FEB5 /* FestoTests.swift */; };
		4B7A8636292E3F100055FEB5 /* FestoUITests.swift in Sources */ = {isa = PBXBuildFile; fileRef = 4B7A8635292E3F100055FEB5 /* FestoUITests.swift */; };
		4B7A8638292E3F100055FEB5 /* FestoUITestsLaunchTests.swift in Sources */ = {isa = PBXBuildFile; fileRef = 4B7A8637292E3F100055FEB5 /* FestoUITestsLaunchTests.swift */; };
		4B9F8AE529377A7C00123DCF /* DrinkCalculator.swift in Sources */ = {isa = PBXBuildFile; fileRef = 4B9F8AE429377A7C00123DCF /* DrinkCalculator.swift */; };
		4B9F8AE729378FD200123DCF /* DrinkGuest.swift in Sources */ = {isa = PBXBuildFile; fileRef = 4B9F8AE629378FD200123DCF /* DrinkGuest.swift */; };
		4B9F8AE929379CBA00123DCF /* AlcoholicCalculator.swift in Sources */ = {isa = PBXBuildFile; fileRef = 4B9F8AE829379CBA00123DCF /* AlcoholicCalculator.swift */; };
		4BBBF89B292FB3C400E2FB0B /* ViewFood.swift in Sources */ = {isa = PBXBuildFile; fileRef = 4BBBF89A292FB3C400E2FB0B /* ViewFood.swift */; };
		4BBBF89F292FB4AC00E2FB0B /* Service.swift in Sources */ = {isa = PBXBuildFile; fileRef = 4BBBF89E292FB4AC00E2FB0B /* Service.swift */; };
		4BBBF8A1292FB4BB00E2FB0B /* Protocol.swift in Sources */ = {isa = PBXBuildFile; fileRef = 4BBBF8A0292FB4BB00E2FB0B /* Protocol.swift */; };
		ABA16181293E192800D05A20 /* MenuView.swift in Sources */ = {isa = PBXBuildFile; fileRef = ABA16180293E192800D05A20 /* MenuView.swift */; };
		ABA16183293E19A300D05A20 /* MenuTableViewCell.swift in Sources */ = {isa = PBXBuildFile; fileRef = ABA16182293E19A300D05A20 /* MenuTableViewCell.swift */; };
		ABA16185293E19CD00D05A20 /* MenuViewController.swift in Sources */ = {isa = PBXBuildFile; fileRef = ABA16184293E19CD00D05A20 /* MenuViewController.swift */; };
		ABA16187293E356A00D05A20 /* StepperGuestsView.swift in Sources */ = {isa = PBXBuildFile; fileRef = ABA16186293E356A00D05A20 /* StepperGuestsView.swift */; };
		ABA161892940C5B500D05A20 /* MenuFolderCell.swift in Sources */ = {isa = PBXBuildFile; fileRef = ABA161882940C5B500D05A20 /* MenuFolderCell.swift */; };
		ABA161C92945114F00D05A20 /* StepperViewCell.swift in Sources */ = {isa = PBXBuildFile; fileRef = ABA161C82945114F00D05A20 /* StepperViewCell.swift */; };
/* End PBXBuildFile section */

/* Begin PBXContainerItemProxy section */
		4B7A8628292E3F100055FEB5 /* PBXContainerItemProxy */ = {
			isa = PBXContainerItemProxy;
			containerPortal = 4B7A8609292E3F0E0055FEB5 /* Project object */;
			proxyType = 1;
			remoteGlobalIDString = 4B7A8610292E3F0E0055FEB5;
			remoteInfo = Festo;
		};
		4B7A8632292E3F100055FEB5 /* PBXContainerItemProxy */ = {
			isa = PBXContainerItemProxy;
			containerPortal = 4B7A8609292E3F0E0055FEB5 /* Project object */;
			proxyType = 1;
			remoteGlobalIDString = 4B7A8610292E3F0E0055FEB5;
			remoteInfo = Festo;
		};
/* End PBXContainerItemProxy section */

/* Begin PBXFileReference section */
		0D2C5FB7292E5D4A00E6889E /* FoodModel.swift */ = {isa = PBXFileReference; lastKnownFileType = sourcecode.swift; path = FoodModel.swift; sourceTree = "<group>"; };
		0D2C5FB9292E5F7D00E6889E /* DrinkModel.swift */ = {isa = PBXFileReference; lastKnownFileType = sourcecode.swift; path = DrinkModel.swift; sourceTree = "<group>"; };
		0D2C5FBB292E615900E6889E /* AlcoholicModel.swift */ = {isa = PBXFileReference; lastKnownFileType = sourcecode.swift; path = AlcoholicModel.swift; sourceTree = "<group>"; };
		0D2C5FC0292E67FB00E6889E /* FoodCalculator.swift */ = {isa = PBXFileReference; lastKnownFileType = sourcecode.swift; path = FoodCalculator.swift; sourceTree = "<group>"; };
		0D2C5FC2292E687C00E6889E /* FoodGest.swift */ = {isa = PBXFileReference; lastKnownFileType = sourcecode.swift; path = FoodGest.swift; sourceTree = "<group>"; };
		4B7A8611292E3F0E0055FEB5 /* Festo.app */ = {isa = PBXFileReference; explicitFileType = wrapper.application; includeInIndex = 0; path = Festo.app; sourceTree = BUILT_PRODUCTS_DIR; };
		4B7A8614292E3F0E0055FEB5 /* AppDelegate.swift */ = {isa = PBXFileReference; lastKnownFileType = sourcecode.swift; path = AppDelegate.swift; sourceTree = "<group>"; };
		4B7A8616292E3F0E0055FEB5 /* SceneDelegate.swift */ = {isa = PBXFileReference; lastKnownFileType = sourcecode.swift; path = SceneDelegate.swift; sourceTree = "<group>"; };
		4B7A8618292E3F0E0055FEB5 /* ViewController.swift */ = {isa = PBXFileReference; lastKnownFileType = sourcecode.swift; path = ViewController.swift; sourceTree = "<group>"; };
		4B7A861D292E3F0F0055FEB5 /* Assets.xcassets */ = {isa = PBXFileReference; lastKnownFileType = folder.assetcatalog; path = Assets.xcassets; sourceTree = "<group>"; };
		4B7A8620292E3F0F0055FEB5 /* Base */ = {isa = PBXFileReference; lastKnownFileType = file.storyboard; name = Base; path = Base.lproj/LaunchScreen.storyboard; sourceTree = "<group>"; };
		4B7A8622292E3F0F0055FEB5 /* Info.plist */ = {isa = PBXFileReference; lastKnownFileType = text.plist.xml; path = Info.plist; sourceTree = "<group>"; };
		4B7A8627292E3F100055FEB5 /* FestoTests.xctest */ = {isa = PBXFileReference; explicitFileType = wrapper.cfbundle; includeInIndex = 0; path = FestoTests.xctest; sourceTree = BUILT_PRODUCTS_DIR; };
		4B7A862B292E3F100055FEB5 /* FestoTests.swift */ = {isa = PBXFileReference; lastKnownFileType = sourcecode.swift; path = FestoTests.swift; sourceTree = "<group>"; };
		4B7A8631292E3F100055FEB5 /* FestoUITests.xctest */ = {isa = PBXFileReference; explicitFileType = wrapper.cfbundle; includeInIndex = 0; path = FestoUITests.xctest; sourceTree = BUILT_PRODUCTS_DIR; };
		4B7A8635292E3F100055FEB5 /* FestoUITests.swift */ = {isa = PBXFileReference; lastKnownFileType = sourcecode.swift; path = FestoUITests.swift; sourceTree = "<group>"; };
		4B7A8637292E3F100055FEB5 /* FestoUITestsLaunchTests.swift */ = {isa = PBXFileReference; lastKnownFileType = sourcecode.swift; path = FestoUITestsLaunchTests.swift; sourceTree = "<group>"; };
		4B9F8AE429377A7C00123DCF /* DrinkCalculator.swift */ = {isa = PBXFileReference; lastKnownFileType = sourcecode.swift; path = DrinkCalculator.swift; sourceTree = "<group>"; };
		4B9F8AE629378FD200123DCF /* DrinkGuest.swift */ = {isa = PBXFileReference; lastKnownFileType = sourcecode.swift; path = DrinkGuest.swift; sourceTree = "<group>"; };
		4B9F8AE829379CBA00123DCF /* AlcoholicCalculator.swift */ = {isa = PBXFileReference; lastKnownFileType = sourcecode.swift; path = AlcoholicCalculator.swift; sourceTree = "<group>"; };
		4BBBF89A292FB3C400E2FB0B /* ViewFood.swift */ = {isa = PBXFileReference; lastKnownFileType = sourcecode.swift; path = ViewFood.swift; sourceTree = "<group>"; };
		4BBBF89E292FB4AC00E2FB0B /* Service.swift */ = {isa = PBXFileReference; lastKnownFileType = sourcecode.swift; path = Service.swift; sourceTree = "<group>"; };
		4BBBF8A0292FB4BB00E2FB0B /* Protocol.swift */ = {isa = PBXFileReference; lastKnownFileType = sourcecode.swift; path = Protocol.swift; sourceTree = "<group>"; };
		ABA16180293E192800D05A20 /* MenuView.swift */ = {isa = PBXFileReference; lastKnownFileType = sourcecode.swift; path = MenuView.swift; sourceTree = "<group>"; };
		ABA16182293E19A300D05A20 /* MenuTableViewCell.swift */ = {isa = PBXFileReference; lastKnownFileType = sourcecode.swift; path = MenuTableViewCell.swift; sourceTree = "<group>"; };
		ABA16184293E19CD00D05A20 /* MenuViewController.swift */ = {isa = PBXFileReference; lastKnownFileType = sourcecode.swift; path = MenuViewController.swift; sourceTree = "<group>"; };
		ABA16186293E356A00D05A20 /* StepperGuestsView.swift */ = {isa = PBXFileReference; lastKnownFileType = sourcecode.swift; path = StepperGuestsView.swift; sourceTree = "<group>"; };
		ABA161882940C5B500D05A20 /* MenuFolderCell.swift */ = {isa = PBXFileReference; lastKnownFileType = sourcecode.swift; path = MenuFolderCell.swift; sourceTree = "<group>"; };
		ABA161C82945114F00D05A20 /* StepperViewCell.swift */ = {isa = PBXFileReference; lastKnownFileType = sourcecode.swift; path = StepperViewCell.swift; sourceTree = "<group>"; };
/* End PBXFileReference section */

/* Begin PBXFrameworksBuildPhase section */
		4B7A860E292E3F0E0055FEB5 /* Frameworks */ = {
			isa = PBXFrameworksBuildPhase;
			buildActionMask = 2147483647;
			files = (
			);
			runOnlyForDeploymentPostprocessing = 0;
		};
		4B7A8624292E3F100055FEB5 /* Frameworks */ = {
			isa = PBXFrameworksBuildPhase;
			buildActionMask = 2147483647;
			files = (
			);
			runOnlyForDeploymentPostprocessing = 0;
		};
		4B7A862E292E3F100055FEB5 /* Frameworks */ = {
			isa = PBXFrameworksBuildPhase;
			buildActionMask = 2147483647;
			files = (
			);
			runOnlyForDeploymentPostprocessing = 0;
		};
/* End PBXFrameworksBuildPhase section */

/* Begin PBXGroup section */
		0D2C5FB2292E5B5100E6889E /* Source */ = {
			isa = PBXGroup;
			children = (
				4BBBF89D292FB48E00E2FB0B /* Protocols */,
				4BBBF89C292FB3D500E2FB0B /* Service */,
				0D2C5FC5292E693A00E6889E /* Controller */,
				0D2C5FBF292E67C300E6889E /* View */,
				0D2C5FB4292E5B6B00E6889E /* Model */,
			);
			path = Source;
			sourceTree = "<group>";
		};
		0D2C5FB4292E5B6B00E6889E /* Model */ = {
			isa = PBXGroup;
			children = (
				0D2C5FC0292E67FB00E6889E /* FoodCalculator.swift */,
				4B9F8AE429377A7C00123DCF /* DrinkCalculator.swift */,
				4B9F8AE829379CBA00123DCF /* AlcoholicCalculator.swift */,
				0D2C5FB7292E5D4A00E6889E /* FoodModel.swift */,
				0D2C5FB9292E5F7D00E6889E /* DrinkModel.swift */,
				0D2C5FBB292E615900E6889E /* AlcoholicModel.swift */,
				0D2C5FC2292E687C00E6889E /* FoodGest.swift */,
				4B9F8AE629378FD200123DCF /* DrinkGuest.swift */,
			);
			path = Model;
			sourceTree = "<group>";
		};
		0D2C5FBF292E67C300E6889E /* View */ = {
			isa = PBXGroup;
			children = (
				4BBBF89A292FB3C400E2FB0B /* ViewFood.swift */,
				ABA16180293E192800D05A20 /* MenuView.swift */,
				ABA16182293E19A300D05A20 /* MenuTableViewCell.swift */,
				ABA161882940C5B500D05A20 /* MenuFolderCell.swift */,
				ABA161C82945114F00D05A20 /* StepperViewCell.swift */,
			);
			path = View;
			sourceTree = "<group>";
		};
		0D2C5FC4292E692900E6889E /* Resource */ = {
			isa = PBXGroup;
			children = (
				4B7A861D292E3F0F0055FEB5 /* Assets.xcassets */,
			);
			path = Resource;
			sourceTree = "<group>";
		};
		0D2C5FC5292E693A00E6889E /* Controller */ = {
			isa = PBXGroup;
			children = (
				4B7A8618292E3F0E0055FEB5 /* ViewController.swift */,
				ABA16184293E19CD00D05A20 /* MenuViewController.swift */,
				ABA16186293E356A00D05A20 /* StepperGuestsView.swift */,
			);
			path = Controller;
			sourceTree = "<group>";
		};
		0D2C5FC6292E698500E6889E /* Application */ = {
			isa = PBXGroup;
			children = (
				4B7A8622292E3F0F0055FEB5 /* Info.plist */,
				4B7A861F292E3F0F0055FEB5 /* LaunchScreen.storyboard */,
				4B7A8616292E3F0E0055FEB5 /* SceneDelegate.swift */,
				4B7A8614292E3F0E0055FEB5 /* AppDelegate.swift */,
			);
			path = Application;
			sourceTree = "<group>";
		};
		4B7A8608292E3F0E0055FEB5 = {
			isa = PBXGroup;
			children = (
				4B7A8613292E3F0E0055FEB5 /* Festo */,
				4B7A862A292E3F100055FEB5 /* FestoTests */,
				4B7A8634292E3F100055FEB5 /* FestoUITests */,
				4B7A8612292E3F0E0055FEB5 /* Products */,
			);
			sourceTree = "<group>";
		};
		4B7A8612292E3F0E0055FEB5 /* Products */ = {
			isa = PBXGroup;
			children = (
				4B7A8611292E3F0E0055FEB5 /* Festo.app */,
				4B7A8627292E3F100055FEB5 /* FestoTests.xctest */,
				4B7A8631292E3F100055FEB5 /* FestoUITests.xctest */,
			);
			name = Products;
			sourceTree = "<group>";
		};
		4B7A8613292E3F0E0055FEB5 /* Festo */ = {
			isa = PBXGroup;
			children = (
				0D2C5FB2292E5B5100E6889E /* Source */,
				0D2C5FC4292E692900E6889E /* Resource */,
				0D2C5FC6292E698500E6889E /* Application */,
			);
			path = Festo;
			sourceTree = "<group>";
		};
		4B7A862A292E3F100055FEB5 /* FestoTests */ = {
			isa = PBXGroup;
			children = (
				4B7A862B292E3F100055FEB5 /* FestoTests.swift */,
			);
			path = FestoTests;
			sourceTree = "<group>";
		};
		4B7A8634292E3F100055FEB5 /* FestoUITests */ = {
			isa = PBXGroup;
			children = (
				4B7A8635292E3F100055FEB5 /* FestoUITests.swift */,
				4B7A8637292E3F100055FEB5 /* FestoUITestsLaunchTests.swift */,
			);
			path = FestoUITests;
			sourceTree = "<group>";
		};
		4BBBF89C292FB3D500E2FB0B /* Service */ = {
			isa = PBXGroup;
			children = (
				4BBBF89E292FB4AC00E2FB0B /* Service.swift */,
			);
			path = Service;
			sourceTree = "<group>";
		};
		4BBBF89D292FB48E00E2FB0B /* Protocols */ = {
			isa = PBXGroup;
			children = (
				4BBBF8A0292FB4BB00E2FB0B /* Protocol.swift */,
			);
			path = Protocols;
			sourceTree = "<group>";
		};
/* End PBXGroup section */

/* Begin PBXNativeTarget section */
		4B7A8610292E3F0E0055FEB5 /* Festo */ = {
			isa = PBXNativeTarget;
			buildConfigurationList = 4B7A863B292E3F100055FEB5 /* Build configuration list for PBXNativeTarget "Festo" */;
			buildPhases = (
				4B7A860D292E3F0E0055FEB5 /* Sources */,
				4B7A860E292E3F0E0055FEB5 /* Frameworks */,
				4B7A860F292E3F0E0055FEB5 /* Resources */,
				4BBBF899292E56A500E2FB0B /* ShellScript */,
			);
			buildRules = (
			);
			dependencies = (
			);
			name = Festo;
			productName = Festo;
			productReference = 4B7A8611292E3F0E0055FEB5 /* Festo.app */;
			productType = "com.apple.product-type.application";
		};
		4B7A8626292E3F100055FEB5 /* FestoTests */ = {
			isa = PBXNativeTarget;
			buildConfigurationList = 4B7A863E292E3F100055FEB5 /* Build configuration list for PBXNativeTarget "FestoTests" */;
			buildPhases = (
				4B7A8623292E3F100055FEB5 /* Sources */,
				4B7A8624292E3F100055FEB5 /* Frameworks */,
				4B7A8625292E3F100055FEB5 /* Resources */,
			);
			buildRules = (
			);
			dependencies = (
				4B7A8629292E3F100055FEB5 /* PBXTargetDependency */,
			);
			name = FestoTests;
			productName = FestoTests;
			productReference = 4B7A8627292E3F100055FEB5 /* FestoTests.xctest */;
			productType = "com.apple.product-type.bundle.unit-test";
		};
		4B7A8630292E3F100055FEB5 /* FestoUITests */ = {
			isa = PBXNativeTarget;
			buildConfigurationList = 4B7A8641292E3F100055FEB5 /* Build configuration list for PBXNativeTarget "FestoUITests" */;
			buildPhases = (
				4B7A862D292E3F100055FEB5 /* Sources */,
				4B7A862E292E3F100055FEB5 /* Frameworks */,
				4B7A862F292E3F100055FEB5 /* Resources */,
			);
			buildRules = (
			);
			dependencies = (
				4B7A8633292E3F100055FEB5 /* PBXTargetDependency */,
			);
			name = FestoUITests;
			productName = FestoUITests;
			productReference = 4B7A8631292E3F100055FEB5 /* FestoUITests.xctest */;
			productType = "com.apple.product-type.bundle.ui-testing";
		};
/* End PBXNativeTarget section */

/* Begin PBXProject section */
		4B7A8609292E3F0E0055FEB5 /* Project object */ = {
			isa = PBXProject;
			attributes = {
				BuildIndependentTargetsInParallel = 1;
				LastSwiftUpdateCheck = 1400;
				LastUpgradeCheck = 1400;
				TargetAttributes = {
					4B7A8610292E3F0E0055FEB5 = {
						CreatedOnToolsVersion = 14.0.1;
					};
					4B7A8626292E3F100055FEB5 = {
						CreatedOnToolsVersion = 14.0.1;
						TestTargetID = 4B7A8610292E3F0E0055FEB5;
					};
					4B7A8630292E3F100055FEB5 = {
						CreatedOnToolsVersion = 14.0.1;
						TestTargetID = 4B7A8610292E3F0E0055FEB5;
					};
				};
			};
			buildConfigurationList = 4B7A860C292E3F0E0055FEB5 /* Build configuration list for PBXProject "Festo" */;
			compatibilityVersion = "Xcode 14.0";
			developmentRegion = en;
			hasScannedForEncodings = 0;
			knownRegions = (
				en,
				Base,
			);
			mainGroup = 4B7A8608292E3F0E0055FEB5;
			productRefGroup = 4B7A8612292E3F0E0055FEB5 /* Products */;
			projectDirPath = "";
			projectRoot = "";
			targets = (
				4B7A8610292E3F0E0055FEB5 /* Festo */,
				4B7A8626292E3F100055FEB5 /* FestoTests */,
				4B7A8630292E3F100055FEB5 /* FestoUITests */,
			);
		};
/* End PBXProject section */

/* Begin PBXResourcesBuildPhase section */
		4B7A860F292E3F0E0055FEB5 /* Resources */ = {
			isa = PBXResourcesBuildPhase;
			buildActionMask = 2147483647;
			files = (
				4B7A8621292E3F0F0055FEB5 /* LaunchScreen.storyboard in Resources */,
				4B7A861E292E3F0F0055FEB5 /* Assets.xcassets in Resources */,
			);
			runOnlyForDeploymentPostprocessing = 0;
		};
		4B7A8625292E3F100055FEB5 /* Resources */ = {
			isa = PBXResourcesBuildPhase;
			buildActionMask = 2147483647;
			files = (
			);
			runOnlyForDeploymentPostprocessing = 0;
		};
		4B7A862F292E3F100055FEB5 /* Resources */ = {
			isa = PBXResourcesBuildPhase;
			buildActionMask = 2147483647;
			files = (
			);
			runOnlyForDeploymentPostprocessing = 0;
		};
/* End PBXResourcesBuildPhase section */

/* Begin PBXShellScriptBuildPhase section */
		4BBBF899292E56A500E2FB0B /* ShellScript */ = {
			isa = PBXShellScriptBuildPhase;
			buildActionMask = 2147483647;
			files = (
			);
			inputFileListPaths = (
			);
			inputPaths = (
			);
			outputFileListPaths = (
			);
			outputPaths = (
			);
			runOnlyForDeploymentPostprocessing = 0;
			shellPath = /bin/sh;
			shellScript = "\nexport PATH=\"$PATH:/opt/homebrew/bin\"\nif which swiftlint > /dev/null; then\n  swiftlint\nelse\n  echo \"warning: SwiftLint not installed, download from https://github.com/realm/SwiftLint\"\nfi\n";
		};
/* End PBXShellScriptBuildPhase section */

/* Begin PBXSourcesBuildPhase section */
		4B7A860D292E3F0E0055FEB5 /* Sources */ = {
			isa = PBXSourcesBuildPhase;
			buildActionMask = 2147483647;
			files = (
				0D2C5FBC292E615900E6889E /* AlcoholicModel.swift in Sources */,
				4B7A8619292E3F0E0055FEB5 /* ViewController.swift in Sources */,
				4B9F8AE529377A7C00123DCF /* DrinkCalculator.swift in Sources */,
				ABA161C92945114F00D05A20 /* StepperViewCell.swift in Sources */,
				0D2C5FC1292E67FB00E6889E /* FoodCalculator.swift in Sources */,
				4B7A8615292E3F0E0055FEB5 /* AppDelegate.swift in Sources */,
				ABA16187293E356A00D05A20 /* StepperGuestsView.swift in Sources */,
				0D2C5FC3292E687C00E6889E /* FoodGest.swift in Sources */,
				4B9F8AE929379CBA00123DCF /* AlcoholicCalculator.swift in Sources */,
				0D2C5FB8292E5D4A00E6889E /* FoodModel.swift in Sources */,
				4BBBF8A1292FB4BB00E2FB0B /* Protocol.swift in Sources */,
				0D2C5FBA292E5F7D00E6889E /* DrinkModel.swift in Sources */,
				ABA16183293E19A300D05A20 /* MenuTableViewCell.swift in Sources */,
				ABA16185293E19CD00D05A20 /* MenuViewController.swift in Sources */,
				ABA16181293E192800D05A20 /* MenuView.swift in Sources */,
				4BBBF89F292FB4AC00E2FB0B /* Service.swift in Sources */,
				4BBBF89B292FB3C400E2FB0B /* ViewFood.swift in Sources */,
				4B7A8617292E3F0E0055FEB5 /* SceneDelegate.swift in Sources */,
				4B9F8AE729378FD200123DCF /* DrinkGuest.swift in Sources */,
				ABA161892940C5B500D05A20 /* MenuFolderCell.swift in Sources */,
			);
			runOnlyForDeploymentPostprocessing = 0;
		};
		4B7A8623292E3F100055FEB5 /* Sources */ = {
			isa = PBXSourcesBuildPhase;
			buildActionMask = 2147483647;
			files = (
				4B7A862C292E3F100055FEB5 /* FestoTests.swift in Sources */,
			);
			runOnlyForDeploymentPostprocessing = 0;
		};
		4B7A862D292E3F100055FEB5 /* Sources */ = {
			isa = PBXSourcesBuildPhase;
			buildActionMask = 2147483647;
			files = (
				4B7A8638292E3F100055FEB5 /* FestoUITestsLaunchTests.swift in Sources */,
				4B7A8636292E3F100055FEB5 /* FestoUITests.swift in Sources */,
			);
			runOnlyForDeploymentPostprocessing = 0;
		};
/* End PBXSourcesBuildPhase section */

/* Begin PBXTargetDependency section */
		4B7A8629292E3F100055FEB5 /* PBXTargetDependency */ = {
			isa = PBXTargetDependency;
			target = 4B7A8610292E3F0E0055FEB5 /* Festo */;
			targetProxy = 4B7A8628292E3F100055FEB5 /* PBXContainerItemProxy */;
		};
		4B7A8633292E3F100055FEB5 /* PBXTargetDependency */ = {
			isa = PBXTargetDependency;
			target = 4B7A8610292E3F0E0055FEB5 /* Festo */;
			targetProxy = 4B7A8632292E3F100055FEB5 /* PBXContainerItemProxy */;
		};
/* End PBXTargetDependency section */

/* Begin PBXVariantGroup section */
		4B7A861F292E3F0F0055FEB5 /* LaunchScreen.storyboard */ = {
			isa = PBXVariantGroup;
			children = (
				4B7A8620292E3F0F0055FEB5 /* Base */,
			);
			name = LaunchScreen.storyboard;
			sourceTree = "<group>";
		};
/* End PBXVariantGroup section */

/* Begin XCBuildConfiguration section */
		4B7A8639292E3F100055FEB5 /* Debug */ = {
			isa = XCBuildConfiguration;
			buildSettings = {
				ALWAYS_SEARCH_USER_PATHS = NO;
				CLANG_ANALYZER_NONNULL = YES;
				CLANG_ANALYZER_NUMBER_OBJECT_CONVERSION = YES_AGGRESSIVE;
				CLANG_CXX_LANGUAGE_STANDARD = "gnu++20";
				CLANG_ENABLE_MODULES = YES;
				CLANG_ENABLE_OBJC_ARC = YES;
				CLANG_ENABLE_OBJC_WEAK = YES;
				CLANG_WARN_BLOCK_CAPTURE_AUTORELEASING = YES;
				CLANG_WARN_BOOL_CONVERSION = YES;
				CLANG_WARN_COMMA = YES;
				CLANG_WARN_CONSTANT_CONVERSION = YES;
				CLANG_WARN_DEPRECATED_OBJC_IMPLEMENTATIONS = YES;
				CLANG_WARN_DIRECT_OBJC_ISA_USAGE = YES_ERROR;
				CLANG_WARN_DOCUMENTATION_COMMENTS = YES;
				CLANG_WARN_EMPTY_BODY = YES;
				CLANG_WARN_ENUM_CONVERSION = YES;
				CLANG_WARN_INFINITE_RECURSION = YES;
				CLANG_WARN_INT_CONVERSION = YES;
				CLANG_WARN_NON_LITERAL_NULL_CONVERSION = YES;
				CLANG_WARN_OBJC_IMPLICIT_RETAIN_SELF = YES;
				CLANG_WARN_OBJC_LITERAL_CONVERSION = YES;
				CLANG_WARN_OBJC_ROOT_CLASS = YES_ERROR;
				CLANG_WARN_QUOTED_INCLUDE_IN_FRAMEWORK_HEADER = YES;
				CLANG_WARN_RANGE_LOOP_ANALYSIS = YES;
				CLANG_WARN_STRICT_PROTOTYPES = YES;
				CLANG_WARN_SUSPICIOUS_MOVE = YES;
				CLANG_WARN_UNGUARDED_AVAILABILITY = YES_AGGRESSIVE;
				CLANG_WARN_UNREACHABLE_CODE = YES;
				CLANG_WARN__DUPLICATE_METHOD_MATCH = YES;
				COPY_PHASE_STRIP = NO;
				DEBUG_INFORMATION_FORMAT = dwarf;
				ENABLE_STRICT_OBJC_MSGSEND = YES;
				ENABLE_TESTABILITY = YES;
				GCC_C_LANGUAGE_STANDARD = gnu11;
				GCC_DYNAMIC_NO_PIC = NO;
				GCC_NO_COMMON_BLOCKS = YES;
				GCC_OPTIMIZATION_LEVEL = 0;
				GCC_PREPROCESSOR_DEFINITIONS = (
					"DEBUG=1",
					"$(inherited)",
				);
				GCC_WARN_64_TO_32_BIT_CONVERSION = YES;
				GCC_WARN_ABOUT_RETURN_TYPE = YES_ERROR;
				GCC_WARN_UNDECLARED_SELECTOR = YES;
				GCC_WARN_UNINITIALIZED_AUTOS = YES_AGGRESSIVE;
				GCC_WARN_UNUSED_FUNCTION = YES;
				GCC_WARN_UNUSED_VARIABLE = YES;
				IPHONEOS_DEPLOYMENT_TARGET = 16.0;
				MTL_ENABLE_DEBUG_INFO = INCLUDE_SOURCE;
				MTL_FAST_MATH = YES;
				ONLY_ACTIVE_ARCH = YES;
				SDKROOT = iphoneos;
				SWIFT_ACTIVE_COMPILATION_CONDITIONS = DEBUG;
				SWIFT_OPTIMIZATION_LEVEL = "-Onone";
			};
			name = Debug;
		};
		4B7A863A292E3F100055FEB5 /* Release */ = {
			isa = XCBuildConfiguration;
			buildSettings = {
				ALWAYS_SEARCH_USER_PATHS = NO;
				CLANG_ANALYZER_NONNULL = YES;
				CLANG_ANALYZER_NUMBER_OBJECT_CONVERSION = YES_AGGRESSIVE;
				CLANG_CXX_LANGUAGE_STANDARD = "gnu++20";
				CLANG_ENABLE_MODULES = YES;
				CLANG_ENABLE_OBJC_ARC = YES;
				CLANG_ENABLE_OBJC_WEAK = YES;
				CLANG_WARN_BLOCK_CAPTURE_AUTORELEASING = YES;
				CLANG_WARN_BOOL_CONVERSION = YES;
				CLANG_WARN_COMMA = YES;
				CLANG_WARN_CONSTANT_CONVERSION = YES;
				CLANG_WARN_DEPRECATED_OBJC_IMPLEMENTATIONS = YES;
				CLANG_WARN_DIRECT_OBJC_ISA_USAGE = YES_ERROR;
				CLANG_WARN_DOCUMENTATION_COMMENTS = YES;
				CLANG_WARN_EMPTY_BODY = YES;
				CLANG_WARN_ENUM_CONVERSION = YES;
				CLANG_WARN_INFINITE_RECURSION = YES;
				CLANG_WARN_INT_CONVERSION = YES;
				CLANG_WARN_NON_LITERAL_NULL_CONVERSION = YES;
				CLANG_WARN_OBJC_IMPLICIT_RETAIN_SELF = YES;
				CLANG_WARN_OBJC_LITERAL_CONVERSION = YES;
				CLANG_WARN_OBJC_ROOT_CLASS = YES_ERROR;
				CLANG_WARN_QUOTED_INCLUDE_IN_FRAMEWORK_HEADER = YES;
				CLANG_WARN_RANGE_LOOP_ANALYSIS = YES;
				CLANG_WARN_STRICT_PROTOTYPES = YES;
				CLANG_WARN_SUSPICIOUS_MOVE = YES;
				CLANG_WARN_UNGUARDED_AVAILABILITY = YES_AGGRESSIVE;
				CLANG_WARN_UNREACHABLE_CODE = YES;
				CLANG_WARN__DUPLICATE_METHOD_MATCH = YES;
				COPY_PHASE_STRIP = NO;
				DEBUG_INFORMATION_FORMAT = "dwarf-with-dsym";
				ENABLE_NS_ASSERTIONS = NO;
				ENABLE_STRICT_OBJC_MSGSEND = YES;
				GCC_C_LANGUAGE_STANDARD = gnu11;
				GCC_NO_COMMON_BLOCKS = YES;
				GCC_WARN_64_TO_32_BIT_CONVERSION = YES;
				GCC_WARN_ABOUT_RETURN_TYPE = YES_ERROR;
				GCC_WARN_UNDECLARED_SELECTOR = YES;
				GCC_WARN_UNINITIALIZED_AUTOS = YES_AGGRESSIVE;
				GCC_WARN_UNUSED_FUNCTION = YES;
				GCC_WARN_UNUSED_VARIABLE = YES;
				IPHONEOS_DEPLOYMENT_TARGET = 16.0;
				MTL_ENABLE_DEBUG_INFO = NO;
				MTL_FAST_MATH = YES;
				SDKROOT = iphoneos;
				SWIFT_COMPILATION_MODE = wholemodule;
				SWIFT_OPTIMIZATION_LEVEL = "-O";
				VALIDATE_PRODUCT = YES;
			};
			name = Release;
		};
		4B7A863C292E3F100055FEB5 /* Debug */ = {
			isa = XCBuildConfiguration;
			buildSettings = {
				ASSETCATALOG_COMPILER_APPICON_NAME = AppIcon;
				ASSETCATALOG_COMPILER_GLOBAL_ACCENT_COLOR_NAME = AccentColor;
				CODE_SIGN_STYLE = Automatic;
				CURRENT_PROJECT_VERSION = 1;
				DEVELOPMENT_TEAM = 826U5T47TW;
				GENERATE_INFOPLIST_FILE = YES;
				INFOPLIST_FILE = Festo/Application/Info.plist;
				INFOPLIST_KEY_UIApplicationSupportsIndirectInputEvents = YES;
				INFOPLIST_KEY_UILaunchStoryboardName = LaunchScreen.storyboard;
				INFOPLIST_KEY_UISupportedInterfaceOrientations_iPad = "UIInterfaceOrientationPortrait UIInterfaceOrientationPortraitUpsideDown UIInterfaceOrientationLandscapeLeft UIInterfaceOrientationLandscapeRight";
				INFOPLIST_KEY_UISupportedInterfaceOrientations_iPhone = "UIInterfaceOrientationPortrait UIInterfaceOrientationLandscapeLeft UIInterfaceOrientationLandscapeRight";
				LD_RUNPATH_SEARCH_PATHS = (
					"$(inherited)",
					"@executable_path/Frameworks",
				);
				MARKETING_VERSION = 1.0;
				PRODUCT_BUNDLE_IDENTIFIER = br.com.stephanegirao.Festo;
				PRODUCT_NAME = "$(TARGET_NAME)";
				SWIFT_EMIT_LOC_STRINGS = YES;
				SWIFT_VERSION = 5.0;
				TARGETED_DEVICE_FAMILY = "1,2";
			};
			name = Debug;
		};
		4B7A863D292E3F100055FEB5 /* Release */ = {
			isa = XCBuildConfiguration;
			buildSettings = {
				ASSETCATALOG_COMPILER_APPICON_NAME = AppIcon;
				ASSETCATALOG_COMPILER_GLOBAL_ACCENT_COLOR_NAME = AccentColor;
				CODE_SIGN_STYLE = Automatic;
				CURRENT_PROJECT_VERSION = 1;
				DEVELOPMENT_TEAM = 826U5T47TW;
				GENERATE_INFOPLIST_FILE = YES;
				INFOPLIST_FILE = Festo/Application/Info.plist;
				INFOPLIST_KEY_UIApplicationSupportsIndirectInputEvents = YES;
				INFOPLIST_KEY_UILaunchStoryboardName = LaunchScreen.storyboard;
				INFOPLIST_KEY_UISupportedInterfaceOrientations_iPad = "UIInterfaceOrientationPortrait UIInterfaceOrientationPortraitUpsideDown UIInterfaceOrientationLandscapeLeft UIInterfaceOrientationLandscapeRight";
				INFOPLIST_KEY_UISupportedInterfaceOrientations_iPhone = "UIInterfaceOrientationPortrait UIInterfaceOrientationLandscapeLeft UIInterfaceOrientationLandscapeRight";
				LD_RUNPATH_SEARCH_PATHS = (
					"$(inherited)",
					"@executable_path/Frameworks",
				);
				MARKETING_VERSION = 1.0;
				PRODUCT_BUNDLE_IDENTIFIER = br.com.stephanegirao.Festo;
				PRODUCT_NAME = "$(TARGET_NAME)";
				SWIFT_EMIT_LOC_STRINGS = YES;
				SWIFT_VERSION = 5.0;
				TARGETED_DEVICE_FAMILY = "1,2";
			};
			name = Release;
		};
		4B7A863F292E3F100055FEB5 /* Debug */ = {
			isa = XCBuildConfiguration;
			buildSettings = {
				ALWAYS_EMBED_SWIFT_STANDARD_LIBRARIES = YES;
				BUNDLE_LOADER = "$(TEST_HOST)";
				CODE_SIGN_STYLE = Automatic;
				CURRENT_PROJECT_VERSION = 1;
				DEVELOPMENT_TEAM = 826U5T47TW;
				GENERATE_INFOPLIST_FILE = YES;
				IPHONEOS_DEPLOYMENT_TARGET = 16.0;
				MARKETING_VERSION = 1.0;
				PRODUCT_BUNDLE_IDENTIFIER = br.com.stephanegirao.FestoTests;
				PRODUCT_NAME = "$(TARGET_NAME)";
				SWIFT_EMIT_LOC_STRINGS = NO;
				SWIFT_VERSION = 5.0;
				TARGETED_DEVICE_FAMILY = "1,2";
				TEST_HOST = "$(BUILT_PRODUCTS_DIR)/Festo.app/$(BUNDLE_EXECUTABLE_FOLDER_PATH)/Festo";
			};
			name = Debug;
		};
		4B7A8640292E3F100055FEB5 /* Release */ = {
			isa = XCBuildConfiguration;
			buildSettings = {
				ALWAYS_EMBED_SWIFT_STANDARD_LIBRARIES = YES;
				BUNDLE_LOADER = "$(TEST_HOST)";
				CODE_SIGN_STYLE = Automatic;
				CURRENT_PROJECT_VERSION = 1;
				DEVELOPMENT_TEAM = 826U5T47TW;
				GENERATE_INFOPLIST_FILE = YES;
				IPHONEOS_DEPLOYMENT_TARGET = 16.0;
				MARKETING_VERSION = 1.0;
				PRODUCT_BUNDLE_IDENTIFIER = br.com.stephanegirao.FestoTests;
				PRODUCT_NAME = "$(TARGET_NAME)";
				SWIFT_EMIT_LOC_STRINGS = NO;
				SWIFT_VERSION = 5.0;
				TARGETED_DEVICE_FAMILY = "1,2";
				TEST_HOST = "$(BUILT_PRODUCTS_DIR)/Festo.app/$(BUNDLE_EXECUTABLE_FOLDER_PATH)/Festo";
			};
			name = Release;
		};
		4B7A8642292E3F100055FEB5 /* Debug */ = {
			isa = XCBuildConfiguration;
			buildSettings = {
				ALWAYS_EMBED_SWIFT_STANDARD_LIBRARIES = YES;
				CODE_SIGN_STYLE = Automatic;
				CURRENT_PROJECT_VERSION = 1;
				DEVELOPMENT_TEAM = 826U5T47TW;
				GENERATE_INFOPLIST_FILE = YES;
				MARKETING_VERSION = 1.0;
				PRODUCT_BUNDLE_IDENTIFIER = br.com.stephanegirao.FestoUITests;
				PRODUCT_NAME = "$(TARGET_NAME)";
				SWIFT_EMIT_LOC_STRINGS = NO;
				SWIFT_VERSION = 5.0;
				TARGETED_DEVICE_FAMILY = "1,2";
				TEST_TARGET_NAME = Festo;
			};
			name = Debug;
		};
		4B7A8643292E3F100055FEB5 /* Release */ = {
			isa = XCBuildConfiguration;
			buildSettings = {
				ALWAYS_EMBED_SWIFT_STANDARD_LIBRARIES = YES;
				CODE_SIGN_STYLE = Automatic;
				CURRENT_PROJECT_VERSION = 1;
				DEVELOPMENT_TEAM = 826U5T47TW;
				GENERATE_INFOPLIST_FILE = YES;
				MARKETING_VERSION = 1.0;
				PRODUCT_BUNDLE_IDENTIFIER = br.com.stephanegirao.FestoUITests;
				PRODUCT_NAME = "$(TARGET_NAME)";
				SWIFT_EMIT_LOC_STRINGS = NO;
				SWIFT_VERSION = 5.0;
				TARGETED_DEVICE_FAMILY = "1,2";
				TEST_TARGET_NAME = Festo;
			};
			name = Release;
		};
/* End XCBuildConfiguration section */

/* Begin XCConfigurationList section */
		4B7A860C292E3F0E0055FEB5 /* Build configuration list for PBXProject "Festo" */ = {
			isa = XCConfigurationList;
			buildConfigurations = (
				4B7A8639292E3F100055FEB5 /* Debug */,
				4B7A863A292E3F100055FEB5 /* Release */,
			);
			defaultConfigurationIsVisible = 0;
			defaultConfigurationName = Release;
		};
		4B7A863B292E3F100055FEB5 /* Build configuration list for PBXNativeTarget "Festo" */ = {
			isa = XCConfigurationList;
			buildConfigurations = (
				4B7A863C292E3F100055FEB5 /* Debug */,
				4B7A863D292E3F100055FEB5 /* Release */,
			);
			defaultConfigurationIsVisible = 0;
			defaultConfigurationName = Release;
		};
		4B7A863E292E3F100055FEB5 /* Build configuration list for PBXNativeTarget "FestoTests" */ = {
			isa = XCConfigurationList;
			buildConfigurations = (
				4B7A863F292E3F100055FEB5 /* Debug */,
				4B7A8640292E3F100055FEB5 /* Release */,
			);
			defaultConfigurationIsVisible = 0;
			defaultConfigurationName = Release;
		};
		4B7A8641292E3F100055FEB5 /* Build configuration list for PBXNativeTarget "FestoUITests" */ = {
			isa = XCConfigurationList;
			buildConfigurations = (
				4B7A8642292E3F100055FEB5 /* Debug */,
				4B7A8643292E3F100055FEB5 /* Release */,
			);
			defaultConfigurationIsVisible = 0;
			defaultConfigurationName = Release;
		};
/* End XCConfigurationList section */
	};
	rootObject = 4B7A8609292E3F0E0055FEB5 /* Project object */;
}
